// !$*UTF8*$!
{
	archiveVersion = 1;
	classes = {
	};
	objectVersion = 56;
	objects = {

/* Begin PBXBuildFile section */
		29EBDA022BC1250C00B774C6 /* TickTocSwiftUiApp.swift in Sources */ = {isa = PBXBuildFile; fileRef = 29EBDA012BC1250C00B774C6 /* TickTocSwiftUiApp.swift */; };
		29EBDA042BC1250C00B774C6 /* ContentView.swift in Sources */ = {isa = PBXBuildFile; fileRef = 29EBDA032BC1250C00B774C6 /* ContentView.swift */; };
		29EBDA062BC1250D00B774C6 /* Assets.xcassets in Resources */ = {isa = PBXBuildFile; fileRef = 29EBDA052BC1250D00B774C6 /* Assets.xcassets */; };
		29EBDA092BC1250D00B774C6 /* Preview Assets.xcassets in Resources */ = {isa = PBXBuildFile; fileRef = 29EBDA082BC1250D00B774C6 /* Preview Assets.xcassets */; };
		29EBDA132BC1250E00B774C6 /* TickTocSwiftUiTests.swift in Sources */ = {isa = PBXBuildFile; fileRef = 29EBDA122BC1250E00B774C6 /* TickTocSwiftUiTests.swift */; };
		29EBDA1D2BC1250E00B774C6 /* TickTocSwiftUiUITests.swift in Sources */ = {isa = PBXBuildFile; fileRef = 29EBDA1C2BC1250E00B774C6 /* TickTocSwiftUiUITests.swift */; };
		29EBDA1F2BC1250E00B774C6 /* TickTocSwiftUiUITestsLaunchTests.swift in Sources */ = {isa = PBXBuildFile; fileRef = 29EBDA1E2BC1250E00B774C6 /* TickTocSwiftUiUITestsLaunchTests.swift */; };
/* End PBXBuildFile section */

/* Begin PBXContainerItemProxy section */
		29EBDA0F2BC1250E00B774C6 /* PBXContainerItemProxy */ = {
			isa = PBXContainerItemProxy;
			containerPortal = 29EBD9F62BC1250C00B774C6 /* Project object */;
			proxyType = 1;
			remoteGlobalIDString = 29EBD9FD2BC1250C00B774C6;
			remoteInfo = TickTocSwiftUi;
		};
		29EBDA192BC1250E00B774C6 /* PBXContainerItemProxy */ = {
			isa = PBXContainerItemProxy;
			containerPortal = 29EBD9F62BC1250C00B774C6 /* Project object */;
			proxyType = 1;
			remoteGlobalIDString = 29EBD9FD2BC1250C00B774C6;
			remoteInfo = TickTocSwiftUi;
		};
/* End PBXContainerItemProxy section */

/* Begin PBXFileReference section */
		29EBD9FE2BC1250C00B774C6 /* TickTocSwiftUi.app */ = {isa = PBXFileReference; explicitFileType = wrapper.application; includeInIndex = 0; path = TickTocSwiftUi.app; sourceTree = BUILT_PRODUCTS_DIR; };
		29EBDA012BC1250C00B774C6 /* TickTocSwiftUiApp.swift */ = {isa = PBXFileReference; lastKnownFileType = sourcecode.swift; path = TickTocSwiftUiApp.swift; sourceTree = "<group>"; };
		29EBDA032BC1250C00B774C6 /* ContentView.swift */ = {isa = PBXFileReference; lastKnownFileType = sourcecode.swift; path = ContentView.swift; sourceTree = "<group>"; };
		29EBDA052BC1250D00B774C6 /* Assets.xcassets */ = {isa = PBXFileReference; lastKnownFileType = folder.assetcatalog; path = Assets.xcassets; sourceTree = "<group>"; };
		29EBDA082BC1250D00B774C6 /* Preview Assets.xcassets */ = {isa = PBXFileReference; lastKnownFileType = folder.assetcatalog; path = "Preview Assets.xcassets"; sourceTree = "<group>"; };
		29EBDA0E2BC1250E00B774C6 /* TickTocSwiftUiTests.xctest */ = {isa = PBXFileReference; explicitFileType = wrapper.cfbundle; includeInIndex = 0; path = TickTocSwiftUiTests.xctest; sourceTree = BUILT_PRODUCTS_DIR; };
		29EBDA122BC1250E00B774C6 /* TickTocSwiftUiTests.swift */ = {isa = PBXFileReference; lastKnownFileType = sourcecode.swift; path = TickTocSwiftUiTests.swift; sourceTree = "<group>"; };
		29EBDA182BC1250E00B774C6 /* TickTocSwiftUiUITests.xctest */ = {isa = PBXFileReference; explicitFileType = wrapper.cfbundle; includeInIndex = 0; path = TickTocSwiftUiUITests.xctest; sourceTree = BUILT_PRODUCTS_DIR; };
		29EBDA1C2BC1250E00B774C6 /* TickTocSwiftUiUITests.swift */ = {isa = PBXFileReference; lastKnownFileType = sourcecode.swift; path = TickTocSwiftUiUITests.swift; sourceTree = "<group>"; };
		29EBDA1E2BC1250E00B774C6 /* TickTocSwiftUiUITestsLaunchTests.swift */ = {isa = PBXFileReference; lastKnownFileType = sourcecode.swift; path = TickTocSwiftUiUITestsLaunchTests.swift; sourceTree = "<group>"; };
/* End PBXFileReference section */

/* Begin PBXFrameworksBuildPhase section */
		29EBD9FB2BC1250C00B774C6 /* Frameworks */ = {
			isa = PBXFrameworksBuildPhase;
			buildActionMask = 2147483647;
			files = (
			);
			runOnlyForDeploymentPostprocessing = 0;
		};
		29EBDA0B2BC1250E00B774C6 /* Frameworks */ = {
			isa = PBXFrameworksBuildPhase;
			buildActionMask = 2147483647;
			files = (
			);
			runOnlyForDeploymentPostprocessing = 0;
		};
		29EBDA152BC1250E00B774C6 /* Frameworks */ = {
			isa = PBXFrameworksBuildPhase;
			buildActionMask = 2147483647;
			files = (
			);
			runOnlyForDeploymentPostprocessing = 0;
		};
/* End PBXFrameworksBuildPhase section */

/* Begin PBXGroup section */
		29EBD9F52BC1250C00B774C6 = {
			isa = PBXGroup;
			children = (
				29EBDA002BC1250C00B774C6 /* TickTocSwiftUi */,
				29EBDA112BC1250E00B774C6 /* TickTocSwiftUiTests */,
				29EBDA1B2BC1250E00B774C6 /* TickTocSwiftUiUITests */,
				29EBD9FF2BC1250C00B774C6 /* Products */,
			);
			sourceTree = "<group>";
		};
		29EBD9FF2BC1250C00B774C6 /* Products */ = {
			isa = PBXGroup;
			children = (
				29EBD9FE2BC1250C00B774C6 /* TickTocSwiftUi.app */,
				29EBDA0E2BC1250E00B774C6 /* TickTocSwiftUiTests.xctest */,
				29EBDA182BC1250E00B774C6 /* TickTocSwiftUiUITests.xctest */,
			);
			name = Products;
			sourceTree = "<group>";
		};
		29EBDA002BC1250C00B774C6 /* TickTocSwiftUi */ = {
			isa = PBXGroup;
			children = (
				29EBDA012BC1250C00B774C6 /* TickTocSwiftUiApp.swift */,
				29EBDA032BC1250C00B774C6 /* ContentView.swift */,
				29EBDA052BC1250D00B774C6 /* Assets.xcassets */,
				29EBDA072BC1250D00B774C6 /* Preview Content */,
			);
			path = TickTocSwiftUi;
			sourceTree = "<group>";
		};
		29EBDA072BC1250D00B774C6 /* Preview Content */ = {
			isa = PBXGroup;
			children = (
				29EBDA082BC1250D00B774C6 /* Preview Assets.xcassets */,
			);
			path = "Preview Content";
			sourceTree = "<group>";
		};
		29EBDA112BC1250E00B774C6 /* TickTocSwiftUiTests */ = {
			isa = PBXGroup;
			children = (
				29EBDA122BC1250E00B774C6 /* TickTocSwiftUiTests.swift */,
			);
			path = TickTocSwiftUiTests;
			sourceTree = "<group>";
		};
		29EBDA1B2BC1250E00B774C6 /* TickTocSwiftUiUITests */ = {
			isa = PBXGroup;
			children = (
				29EBDA1C2BC1250E00B774C6 /* TickTocSwiftUiUITests.swift */,
				29EBDA1E2BC1250E00B774C6 /* TickTocSwiftUiUITestsLaunchTests.swift */,
			);
			path = TickTocSwiftUiUITests;
			sourceTree = "<group>";
		};
/* End PBXGroup section */

/* Begin PBXNativeTarget section */
		29EBD9FD2BC1250C00B774C6 /* TickTocSwiftUi */ = {
			isa = PBXNativeTarget;
			buildConfigurationList = 29EBDA222BC1250E00B774C6 /* Build configuration list for PBXNativeTarget "TickTocSwiftUi" */;
			buildPhases = (
				29EBD9FA2BC1250C00B774C6 /* Sources */,
				29EBD9FB2BC1250C00B774C6 /* Frameworks */,
				29EBD9FC2BC1250C00B774C6 /* Resources */,
			);
			buildRules = (
			);
			dependencies = (
			);
			name = TickTocSwiftUi;
			productName = TickTocSwiftUi;
			productReference = 29EBD9FE2BC1250C00B774C6 /* TickTocSwiftUi.app */;
			productType = "com.apple.product-type.application";
		};
		29EBDA0D2BC1250E00B774C6 /* TickTocSwiftUiTests */ = {
			isa = PBXNativeTarget;
			buildConfigurationList = 29EBDA252BC1250E00B774C6 /* Build configuration list for PBXNativeTarget "TickTocSwiftUiTests" */;
			buildPhases = (
				29EBDA0A2BC1250E00B774C6 /* Sources */,
				29EBDA0B2BC1250E00B774C6 /* Frameworks */,
				29EBDA0C2BC1250E00B774C6 /* Resources */,
			);
			buildRules = (
			);
			dependencies = (
				29EBDA102BC1250E00B774C6 /* PBXTargetDependency */,
			);
			name = TickTocSwiftUiTests;
			productName = TickTocSwiftUiTests;
			productReference = 29EBDA0E2BC1250E00B774C6 /* TickTocSwiftUiTests.xctest */;
			productType = "com.apple.product-type.bundle.unit-test";
		};
		29EBDA172BC1250E00B774C6 /* TickTocSwiftUiUITests */ = {
			isa = PBXNativeTarget;
			buildConfigurationList = 29EBDA282BC1250E00B774C6 /* Build configuration list for PBXNativeTarget "TickTocSwiftUiUITests" */;
			buildPhases = (
				29EBDA142BC1250E00B774C6 /* Sources */,
				29EBDA152BC1250E00B774C6 /* Frameworks */,
				29EBDA162BC1250E00B774C6 /* Resources */,
			);
			buildRules = (
			);
			dependencies = (
				29EBDA1A2BC1250E00B774C6 /* PBXTargetDependency */,
			);
			name = TickTocSwiftUiUITests;
			productName = TickTocSwiftUiUITests;
			productReference = 29EBDA182BC1250E00B774C6 /* TickTocSwiftUiUITests.xctest */;
			productType = "com.apple.product-type.bundle.ui-testing";
		};
/* End PBXNativeTarget section */

/* Begin PBXProject section */
		29EBD9F62BC1250C00B774C6 /* Project object */ = {
			isa = PBXProject;
			attributes = {
				BuildIndependentTargetsInParallel = 1;
				LastSwiftUpdateCheck = 1530;
				LastUpgradeCheck = 1530;
				TargetAttributes = {
					29EBD9FD2BC1250C00B774C6 = {
						CreatedOnToolsVersion = 15.3;
					};
					29EBDA0D2BC1250E00B774C6 = {
						CreatedOnToolsVersion = 15.3;
						TestTargetID = 29EBD9FD2BC1250C00B774C6;
					};
					29EBDA172BC1250E00B774C6 = {
						CreatedOnToolsVersion = 15.3;
						TestTargetID = 29EBD9FD2BC1250C00B774C6;
					};
				};
			};
			buildConfigurationList = 29EBD9F92BC1250C00B774C6 /* Build configuration list for PBXProject "TickTocSwiftUi" */;
			compatibilityVersion = "Xcode 14.0";
			developmentRegion = en;
			hasScannedForEncodings = 0;
			knownRegions = (
				en,
				Base,
			);
			mainGroup = 29EBD9F52BC1250C00B774C6;
			productRefGroup = 29EBD9FF2BC1250C00B774C6 /* Products */;
			projectDirPath = "";
			projectRoot = "";
			targets = (
				29EBD9FD2BC1250C00B774C6 /* TickTocSwiftUi */,
				29EBDA0D2BC1250E00B774C6 /* TickTocSwiftUiTests */,
				29EBDA172BC1250E00B774C6 /* TickTocSwiftUiUITests */,
			);
		};
/* End PBXProject section */

/* Begin PBXResourcesBuildPhase section */
		29EBD9FC2BC1250C00B774C6 /* Resources */ = {
			isa = PBXResourcesBuildPhase;
			buildActionMask = 2147483647;
			files = (
				29EBDA092BC1250D00B774C6 /* Preview Assets.xcassets in Resources */,
				29EBDA062BC1250D00B774C6 /* Assets.xcassets in Resources */,
			);
			runOnlyForDeploymentPostprocessing = 0;
		};
		29EBDA0C2BC1250E00B774C6 /* Resources */ = {
			isa = PBXResourcesBuildPhase;
			buildActionMask = 2147483647;
			files = (
			);
			runOnlyForDeploymentPostprocessing = 0;
		};
		29EBDA162BC1250E00B774C6 /* Resources */ = {
			isa = PBXResourcesBuildPhase;
			buildActionMask = 2147483647;
			files = (
			);
			runOnlyForDeploymentPostprocessing = 0;
		};
/* End PBXResourcesBuildPhase section */

/* Begin PBXSourcesBuildPhase section */
		29EBD9FA2BC1250C00B774C6 /* Sources */ = {
			isa = PBXSourcesBuildPhase;
			buildActionMask = 2147483647;
			files = (
				29EBDA042BC1250C00B774C6 /* ContentView.swift in Sources */,
				29EBDA022BC1250C00B774C6 /* TickTocSwiftUiApp.swift in Sources */,
			);
			runOnlyForDeploymentPostprocessing = 0;
		};
		29EBDA0A2BC1250E00B774C6 /* Sources */ = {
			isa = PBXSourcesBuildPhase;
			buildActionMask = 2147483647;
			files = (
				29EBDA132BC1250E00B774C6 /* TickTocSwiftUiTests.swift in Sources */,
			);
			runOnlyForDeploymentPostprocessing = 0;
		};
		29EBDA142BC1250E00B774C6 /* Sources */ = {
			isa = PBXSourcesBuildPhase;
			buildActionMask = 2147483647;
			files = (
				29EBDA1F2BC1250E00B774C6 /* TickTocSwiftUiUITestsLaunchTests.swift in Sources */,
				29EBDA1D2BC1250E00B774C6 /* TickTocSwiftUiUITests.swift in Sources */,
			);
			runOnlyForDeploymentPostprocessing = 0;
		};
/* End PBXSourcesBuildPhase section */

/* Begin PBXTargetDependency section */
		29EBDA102BC1250E00B774C6 /* PBXTargetDependency */ = {
			isa = PBXTargetDependency;
			target = 29EBD9FD2BC1250C00B774C6 /* TickTocSwiftUi */;
			targetProxy = 29EBDA0F2BC1250E00B774C6 /* PBXContainerItemProxy */;
		};
		29EBDA1A2BC1250E00B774C6 /* PBXTargetDependency */ = {
			isa = PBXTargetDependency;
			target = 29EBD9FD2BC1250C00B774C6 /* TickTocSwiftUi */;
			targetProxy = 29EBDA192BC1250E00B774C6 /* PBXContainerItemProxy */;
		};
/* End PBXTargetDependency section */

/* Begin XCBuildConfiguration section */
		29EBDA202BC1250E00B774C6 /* Debug */ = {
			isa = XCBuildConfiguration;
			buildSettings = {
				ALWAYS_SEARCH_USER_PATHS = NO;
				ASSETCATALOG_COMPILER_GENERATE_SWIFT_ASSET_SYMBOL_EXTENSIONS = YES;
				CLANG_ANALYZER_NONNULL = YES;
				CLANG_ANALYZER_NUMBER_OBJECT_CONVERSION = YES_AGGRESSIVE;
				CLANG_CXX_LANGUAGE_STANDARD = "gnu++20";
				CLANG_ENABLE_MODULES = YES;
				CLANG_ENABLE_OBJC_ARC = YES;
				CLANG_ENABLE_OBJC_WEAK = YES;
				CLANG_WARN_BLOCK_CAPTURE_AUTORELEASING = YES;
				CLANG_WARN_BOOL_CONVERSION = YES;
				CLANG_WARN_COMMA = YES;
				CLANG_WARN_CONSTANT_CONVERSION = YES;
				CLANG_WARN_DEPRECATED_OBJC_IMPLEMENTATIONS = YES;
				CLANG_WARN_DIRECT_OBJC_ISA_USAGE = YES_ERROR;
				CLANG_WARN_DOCUMENTATION_COMMENTS = YES;
				CLANG_WARN_EMPTY_BODY = YES;
				CLANG_WARN_ENUM_CONVERSION = YES;
				CLANG_WARN_INFINITE_RECURSION = YES;
				CLANG_WARN_INT_CONVERSION = YES;
				CLANG_WARN_NON_LITERAL_NULL_CONVERSION = YES;
				CLANG_WARN_OBJC_IMPLICIT_RETAIN_SELF = YES;
				CLANG_WARN_OBJC_LITERAL_CONVERSION = YES;
				CLANG_WARN_OBJC_ROOT_CLASS = YES_ERROR;
				CLANG_WARN_QUOTED_INCLUDE_IN_FRAMEWORK_HEADER = YES;
				CLANG_WARN_RANGE_LOOP_ANALYSIS = YES;
				CLANG_WARN_STRICT_PROTOTYPES = YES;
				CLANG_WARN_SUSPICIOUS_MOVE = YES;
				CLANG_WARN_UNGUARDED_AVAILABILITY = YES_AGGRESSIVE;
				CLANG_WARN_UNREACHABLE_CODE = YES;
				CLANG_WARN__DUPLICATE_METHOD_MATCH = YES;
				COPY_PHASE_STRIP = NO;
				DEBUG_INFORMATION_FORMAT = dwarf;
				ENABLE_STRICT_OBJC_MSGSEND = YES;
				ENABLE_TESTABILITY = YES;
				ENABLE_USER_SCRIPT_SANDBOXING = YES;
				GCC_C_LANGUAGE_STANDARD = gnu17;
				GCC_DYNAMIC_NO_PIC = NO;
				GCC_NO_COMMON_BLOCKS = YES;
				GCC_OPTIMIZATION_LEVEL = 0;
				GCC_PREPROCESSOR_DEFINITIONS = (
					"DEBUG=1",
					"$(inherited)",
				);
				GCC_WARN_64_TO_32_BIT_CONVERSION = YES;
				GCC_WARN_ABOUT_RETURN_TYPE = YES_ERROR;
				GCC_WARN_UNDECLARED_SELECTOR = YES;
				GCC_WARN_UNINITIALIZED_AUTOS = YES_AGGRESSIVE;
				GCC_WARN_UNUSED_FUNCTION = YES;
				GCC_WARN_UNUSED_VARIABLE = YES;
				IPHONEOS_DEPLOYMENT_TARGET = 17.4;
				LOCALIZATION_PREFERS_STRING_CATALOGS = YES;
				MTL_ENABLE_DEBUG_INFO = INCLUDE_SOURCE;
				MTL_FAST_MATH = YES;
				ONLY_ACTIVE_ARCH = YES;
				SDKROOT = iphoneos;
				SWIFT_ACTIVE_COMPILATION_CONDITIONS = "DEBUG $(inherited)";
				SWIFT_OPTIMIZATION_LEVEL = "-Onone";
			};
			name = Debug;
		};
		29EBDA212BC1250E00B774C6 /* Release */ = {
			isa = XCBuildConfiguration;
			buildSettings = {
				ALWAYS_SEARCH_USER_PATHS = NO;
				ASSETCATALOG_COMPILER_GENERATE_SWIFT_ASSET_SYMBOL_EXTENSIONS = YES;
				CLANG_ANALYZER_NONNULL = YES;
				CLANG_ANALYZER_NUMBER_OBJECT_CONVERSION = YES_AGGRESSIVE;
				CLANG_CXX_LANGUAGE_STANDARD = "gnu++20";
				CLANG_ENABLE_MODULES = YES;
				CLANG_ENABLE_OBJC_ARC = YES;
				CLANG_ENABLE_OBJC_WEAK = YES;
				CLANG_WARN_BLOCK_CAPTURE_AUTORELEASING = YES;
				CLANG_WARN_BOOL_CONVERSION = YES;
				CLANG_WARN_COMMA = YES;
				CLANG_WARN_CONSTANT_CONVERSION = YES;
				CLANG_WARN_DEPRECATED_OBJC_IMPLEMENTATIONS = YES;
				CLANG_WARN_DIRECT_OBJC_ISA_USAGE = YES_ERROR;
				CLANG_WARN_DOCUMENTATION_COMMENTS = YES;
				CLANG_WARN_EMPTY_BODY = YES;
				CLANG_WARN_ENUM_CONVERSION = YES;
				CLANG_WARN_INFINITE_RECURSION = YES;
				CLANG_WARN_INT_CONVERSION = YES;
				CLANG_WARN_NON_LITERAL_NULL_CONVERSION = YES;
				CLANG_WARN_OBJC_IMPLICIT_RETAIN_SELF = YES;
				CLANG_WARN_OBJC_LITERAL_CONVERSION = YES;
				CLANG_WARN_OBJC_ROOT_CLASS = YES_ERROR;
				CLANG_WARN_QUOTED_INCLUDE_IN_FRAMEWORK_HEADER = YES;
				CLANG_WARN_RANGE_LOOP_ANALYSIS = YES;
				CLANG_WARN_STRICT_PROTOTYPES = YES;
				CLANG_WARN_SUSPICIOUS_MOVE = YES;
				CLANG_WARN_UNGUARDED_AVAILABILITY = YES_AGGRESSIVE;
				CLANG_WARN_UNREACHABLE_CODE = YES;
				CLANG_WARN__DUPLICATE_METHOD_MATCH = YES;
				COPY_PHASE_STRIP = NO;
				DEBUG_INFORMATION_FORMAT = "dwarf-with-dsym";
				ENABLE_NS_ASSERTIONS = NO;
				ENABLE_STRICT_OBJC_MSGSEND = YES;
				ENABLE_USER_SCRIPT_SANDBOXING = YES;
				GCC_C_LANGUAGE_STANDARD = gnu17;
				GCC_NO_COMMON_BLOCKS = YES;
				GCC_WARN_64_TO_32_BIT_CONVERSION = YES;
				GCC_WARN_ABOUT_RETURN_TYPE = YES_ERROR;
				GCC_WARN_UNDECLARED_SELECTOR = YES;
				GCC_WARN_UNINITIALIZED_AUTOS = YES_AGGRESSIVE;
				GCC_WARN_UNUSED_FUNCTION = YES;
				GCC_WARN_UNUSED_VARIABLE = YES;
				IPHONEOS_DEPLOYMENT_TARGET = 17.4;
				LOCALIZATION_PREFERS_STRING_CATALOGS = YES;
				MTL_ENABLE_DEBUG_INFO = NO;
				MTL_FAST_MATH = YES;
				SDKROOT = iphoneos;
				SWIFT_COMPILATION_MODE = wholemodule;
				VALIDATE_PRODUCT = YES;
			};
			name = Release;
		};
		29EBDA232BC1250E00B774C6 /* Debug */ = {
			isa = XCBuildConfiguration;
			buildSettings = {
				ASSETCATALOG_COMPILER_APPICON_NAME = AppIcon;
				ASSETCATALOG_COMPILER_GLOBAL_ACCENT_COLOR_NAME = AccentColor;
				CODE_SIGN_STYLE = Automatic;
				CURRENT_PROJECT_VERSION = 1;
				DEVELOPMENT_ASSET_PATHS = "\"TickTocSwiftUi/Preview Content\"";
				DEVELOPMENT_TEAM = RA8JN3K45Y;
				ENABLE_PREVIEWS = YES;
				GENERATE_INFOPLIST_FILE = YES;
				INFOPLIST_KEY_UIApplicationSceneManifest_Generation = YES;
				INFOPLIST_KEY_UIApplicationSupportsIndirectInputEvents = YES;
				INFOPLIST_KEY_UILaunchScreen_Generation = YES;
				INFOPLIST_KEY_UISupportedInterfaceOrientations_iPad = "UIInterfaceOrientationPortrait UIInterfaceOrientationPortraitUpsideDown UIInterfaceOrientationLandscapeLeft UIInterfaceOrientationLandscapeRight";
				INFOPLIST_KEY_UISupportedInterfaceOrientations_iPhone = "UIInterfaceOrientationPortrait UIInterfaceOrientationLandscapeLeft UIInterfaceOrientationLandscapeRight";
				LD_RUNPATH_SEARCH_PATHS = (
					"$(inherited)",
					"@executable_path/Frameworks",
				);
				MARKETING_VERSION = 1.0;
				PRODUCT_BUNDLE_IDENTIFIER = com.example.TickTocSwiftUi;
				PRODUCT_NAME = "$(TARGET_NAME)";
				SWIFT_EMIT_LOC_STRINGS = YES;
				SWIFT_VERSION = 5.0;
				TARGETED_DEVICE_FAMILY = "1,2";
			};
			name = Debug;
		};
		29EBDA242BC1250E00B774C6 /* Release */ = {
			isa = XCBuildConfiguration;
			buildSettings = {
				ASSETCATALOG_COMPILER_APPICON_NAME = AppIcon;
				ASSETCATALOG_COMPILER_GLOBAL_ACCENT_COLOR_NAME = AccentColor;
				CODE_SIGN_STYLE = Automatic;
				CURRENT_PROJECT_VERSION = 1;
				DEVELOPMENT_ASSET_PATHS = "\"TickTocSwiftUi/Preview Content\"";
				DEVELOPMENT_TEAM = RA8JN3K45Y;
				ENABLE_PREVIEWS = YES;
				GENERATE_INFOPLIST_FILE = YES;
				INFOPLIST_KEY_UIApplicationSceneManifest_Generation = YES;
				INFOPLIST_KEY_UIApplicationSupportsIndirectInputEvents = YES;
				INFOPLIST_KEY_UILaunchScreen_Generation = YES;
				INFOPLIST_KEY_UISupportedInterfaceOrientations_iPad = "UIInterfaceOrientationPortrait UIInterfaceOrientationPortraitUpsideDown UIInterfaceOrientationLandscapeLeft UIInterfaceOrientationLandscapeRight";
				INFOPLIST_KEY_UISupportedInterfaceOrientations_iPhone = "UIInterfaceOrientationPortrait UIInterfaceOrientationLandscapeLeft UIInterfaceOrientationLandscapeRight";
				LD_RUNPATH_SEARCH_PATHS = (
					"$(inherited)",
					"@executable_path/Frameworks",
				);
				MARKETING_VERSION = 1.0;
				PRODUCT_BUNDLE_IDENTIFIER = com.example.TickTocSwiftUi;
				PRODUCT_NAME = "$(TARGET_NAME)";
				SWIFT_EMIT_LOC_STRINGS = YES;
				SWIFT_VERSION = 5.0;
				TARGETED_DEVICE_FAMILY = "1,2";
			};
			name = Release;
		};
		29EBDA262BC1250E00B774C6 /* Debug */ = {
			isa = XCBuildConfiguration;
			buildSettings = {
				ALWAYS_EMBED_SWIFT_STANDARD_LIBRARIES = YES;
				BUNDLE_LOADER = "$(TEST_HOST)";
				CODE_SIGN_STYLE = Automatic;
				CURRENT_PROJECT_VERSION = 1;
				DEVELOPMENT_TEAM = RA8JN3K45Y;
				GENERATE_INFOPLIST_FILE = YES;
				IPHONEOS_DEPLOYMENT_TARGET = 17.4;
				MARKETING_VERSION = 1.0;
				PRODUCT_BUNDLE_IDENTIFIER = com.example.TickTocSwiftUiTests;
				PRODUCT_NAME = "$(TARGET_NAME)";
				SWIFT_EMIT_LOC_STRINGS = NO;
				SWIFT_VERSION = 5.0;
				TARGETED_DEVICE_FAMILY = "1,2";
				TEST_HOST = "$(BUILT_PRODUCTS_DIR)/TickTocSwiftUi.app/$(BUNDLE_EXECUTABLE_FOLDER_PATH)/TickTocSwiftUi";
			};
			name = Debug;
		};
		29EBDA272BC1250E00B774C6 /* Release */ = {
			isa = XCBuildConfiguration;
			buildSettings = {
				ALWAYS_EMBED_SWIFT_STANDARD_LIBRARIES = YES;
				BUNDLE_LOADER = "$(TEST_HOST)";
				CODE_SIGN_STYLE = Automatic;
				CURRENT_PROJECT_VERSION = 1;
				DEVELOPMENT_TEAM = RA8JN3K45Y;
				GENERATE_INFOPLIST_FILE = YES;
				IPHONEOS_DEPLOYMENT_TARGET = 17.4;
				MARKETING_VERSION = 1.0;
				PRODUCT_BUNDLE_IDENTIFIER = com.example.TickTocSwiftUiTests;
				PRODUCT_NAME = "$(TARGET_NAME)";
				SWIFT_EMIT_LOC_STRINGS = NO;
				SWIFT_VERSION = 5.0;
				TARGETED_DEVICE_FAMILY = "1,2";
				TEST_HOST = "$(BUILT_PRODUCTS_DIR)/TickTocSwiftUi.app/$(BUNDLE_EXECUTABLE_FOLDER_PATH)/TickTocSwiftUi";
			};
			name = Release;
		};
		29EBDA292BC1250E00B774C6 /* Debug */ = {
			isa = XCBuildConfiguration;
			buildSettings = {
				ALWAYS_EMBED_SWIFT_STANDARD_LIBRARIES = YES;
				CODE_SIGN_STYLE = Automatic;
				CURRENT_PROJECT_VERSION = 1;
				DEVELOPMENT_TEAM = RA8JN3K45Y;
				GENERATE_INFOPLIST_FILE = YES;
				MARKETING_VERSION = 1.0;
				PRODUCT_BUNDLE_IDENTIFIER = com.example.TickTocSwiftUiUITests;
				PRODUCT_NAME = "$(TARGET_NAME)";
				SWIFT_EMIT_LOC_STRINGS = NO;
				SWIFT_VERSION = 5.0;
				TARGETED_DEVICE_FAMILY = "1,2";
				TEST_TARGET_NAME = TickTocSwiftUi;
			};
			name = Debug;
		};
		29EBDA2A2BC1250E00B774C6 /* Release */ = {
			isa = XCBuildConfiguration;
			buildSettings = {
				ALWAYS_EMBED_SWIFT_STANDARD_LIBRARIES = YES;
				CODE_SIGN_STYLE = Automatic;
				CURRENT_PROJECT_VERSION = 1;
				DEVELOPMENT_TEAM = RA8JN3K45Y;
				GENERATE_INFOPLIST_FILE = YES;
				MARKETING_VERSION = 1.0;
				PRODUCT_BUNDLE_IDENTIFIER = com.example.TickTocSwiftUiUITests;
				PRODUCT_NAME = "$(TARGET_NAME)";
				SWIFT_EMIT_LOC_STRINGS = NO;
				SWIFT_VERSION = 5.0;
				TARGETED_DEVICE_FAMILY = "1,2";
				TEST_TARGET_NAME = TickTocSwiftUi;
			};
			name = Release;
		};
/* End XCBuildConfiguration section */

/* Begin XCConfigurationList section */
		29EBD9F92BC1250C00B774C6 /* Build configuration list for PBXProject "TickTocSwiftUi" */ = {
			isa = XCConfigurationList;
			buildConfigurations = (
				29EBDA202BC1250E00B774C6 /* Debug */,
				29EBDA212BC1250E00B774C6 /* Release */,
			);
			defaultConfigurationIsVisible = 0;
			defaultConfigurationName = Release;
		};
		29EBDA222BC1250E00B774C6 /* Build configuration list for PBXNativeTarget "TickTocSwiftUi" */ = {
			isa = XCConfigurationList;
			buildConfigurations = (
				29EBDA232BC1250E00B774C6 /* Debug */,
				29EBDA242BC1250E00B774C6 /* Release */,
			);
			defaultConfigurationIsVisible = 0;
			defaultConfigurationName = Release;
		};
		29EBDA252BC1250E00B774C6 /* Build configuration list for PBXNativeTarget "TickTocSwiftUiTests" */ = {
			isa = XCConfigurationList;
			buildConfigurations = (
				29EBDA262BC1250E00B774C6 /* Debug */,
				29EBDA272BC1250E00B774C6 /* Release */,
			);
			defaultConfigurationIsVisible = 0;
			defaultConfigurationName = Release;
		};
		29EBDA282BC1250E00B774C6 /* Build configuration list for PBXNativeTarget "TickTocSwiftUiUITests" */ = {
			isa = XCConfigurationList;
			buildConfigurations = (
				29EBDA292BC1250E00B774C6 /* Debug */,
				29EBDA2A2BC1250E00B774C6 /* Release */,
			);
			defaultConfigurationIsVisible = 0;
			defaultConfigurationName = Release;
		};
/* End XCConfigurationList section */
	};
	rootObject = 29EBD9F62BC1250C00B774C6 /* Project object */;
}
